
Microsoft Visual Studio Solution File, Format Version 10.00
# Visual C++ Express 2008
Project("{8BC9CEB8-8B4A-11D0-8D11-00A0C91BC942}") = "Bullet", "Bullet\Bullet.vcproj", "{FB8DC108-E1F2-4E5F-8D96-92B77940D3CF}"
	ProjectSection(ProjectDependencies) = postProject
		{EF21A873-D73D-4B74-B6E3-71D9F11E8B12} = {EF21A873-D73D-4B74-B6E3-71D9F11E8B12}
		{094B5CA9-59DE-4B9D-974A-7AA6E4D34C26} = {094B5CA9-59DE-4B9D-974A-7AA6E4D34C26}
	EndProjectSection
EndProject
Project("{8BC9CEB8-8B4A-11D0-8D11-00A0C91BC942}") = "LibGame", "..\LibGame\LibGame.vcproj", "{EF21A873-D73D-4B74-B6E3-71D9F11E8B12}"
	ProjectSection(ProjectDependencies) = postProject
		{094B5CA9-59DE-4B9D-974A-7AA6E4D34C26} = {094B5CA9-59DE-4B9D-974A-7AA6E4D34C26}
	EndProjectSection
EndProject
Project("{8BC9CEB8-8B4A-11D0-8D11-00A0C91BC942}") = "LibUtil", "..\LibUtil\LibUtil.vcproj", "{094B5CA9-59DE-4B9D-974A-7AA6E4D34C26}"
EndProject
Global
	GlobalSection(SolutionConfigurationPlatforms) = preSolution
		Debug|Win32 = Debug|Win32
		Release|Win32 = Release|Win32
	EndGlobalSection
	GlobalSection(ProjectConfigurationPlatforms) = postSolution
		{FB8DC108-E1F2-4E5F-8D96-92B77940D3CF}.Debug|Win32.ActiveCfg = Debug|Win32
		{FB8DC108-E1F2-4E5F-8D96-92B77940D3CF}.Debug|Win32.Build.0 = Debug|Win32
		{FB8DC108-E1F2-4E5F-8D96-92B77940D3CF}.Release|Win32.ActiveCfg = Release|Win32
		{FB8DC108-E1F2-4E5F-8D96-92B77940D3CF}.Release|Win32.Build.0 = Release|Win32
		{EF21A873-D73D-4B74-B6E3-71D9F11E8B12}.Debug|Win32.ActiveCfg = Debug|Win32
		{EF21A873-D73D-4B74-B6E3-71D9F11E8B12}.Debug|Win32.Build.0 = Debug|Win32
		{EF21A873-D73D-4B74-B6E3-71D9F11E8B12}.Release|Win32.ActiveCfg = Release|Win32
		{EF21A873-D73D-4B74-B6E3-71D9F11E8B12}.Release|Win32.Build.0 = Release|Win32
		{094B5CA9-59DE-4B9D-974A-7AA6E4D34C26}.Debug|Win32.ActiveCfg = Debug|Win32
		{094B5CA9-59DE-4B9D-974A-7AA6E4D34C26}.Debug|Win32.Build.0 = Debug|Win32
		{094B5CA9-59DE-4B9D-974A-7AA6E4D34C26}.Release|Win32.ActiveCfg = Release|Win32
		{094B5CA9-59DE-4B9D-974A-7AA6E4D34C26}.Release|Win32.Build.0 = Release|Win32
	EndGlobalSection
	GlobalSection(SolutionProperties) = preSolution
		HideSolutionNode = FALSE
	EndGlobalSection
EndGlobal
